
Microsoft Visual Studio Solution File, Format Version 12.00
# Visual Studio Version 16
VisualStudioVersion = 16.0.29102.190
MinimumVisualStudioVersion = 10.0.40219.1
Project("{FAE04EC0-301F-11D3-BF4B-00C04F79EFBC}") = "HelloWorld", "D:\Profiles\nfb1799\source\repos\HelloWorld\HelloWorld\HelloWorld.csproj", "{4F28CCF1-853F-4CAD-81AB-DDCB0C2951D5}"
EndProject
Global
	GlobalSection(SolutionConfigurationPlatforms) = preSolution
		Debug|Any CPU = Debug|Any CPU
		Release|Any CPU = Release|Any CPU
	EndGlobalSection
	GlobalSection(ProjectConfigurationPlatforms) = postSolution
		{4F28CCF1-853F-4CAD-81AB-DDCB0C2951D5}.Debug|Any CPU.ActiveCfg = Debug|Any CPU
		{4F28CCF1-853F-4CAD-81AB-DDCB0C2951D5}.Debug|Any CPU.Build.0 = Debug|Any CPU
		{4F28CCF1-853F-4CAD-81AB-DDCB0C2951D5}.Release|Any CPU.ActiveCfg = Release|Any CPU
		{4F28CCF1-853F-4CAD-81AB-DDCB0C2951D5}.Release|Any CPU.Build.0 = Release|Any CPU
	EndGlobalSection
	GlobalSection(SolutionProperties) = preSolution
		HideSolutionNode = FALSE
	EndGlobalSection
	GlobalSection(ExtensibilityGlobals) = postSolution
		SolutionGuid = {ECE67390-CE21-43AC-BBAB-95A67ABA7E77}
	EndGlobalSection
EndGlobal
